
Microsoft Visual Studio Solution File, Format Version 12.00
# Visual Studio 2013
VisualStudioVersion = 12.0.21005.1
MinimumVisualStudioVersion = 10.0.40219.1
Project("{FAE04EC0-301F-11D3-BF4B-00C04F79EFBC}") = "Essensys.Web.Admin", "Essensys.Web.Admin\Essensys.Web.Admin.csproj", "{8507B7B3-6CD6-4613-8355-DED9DEAAAC26}"
EndProject
Global
	GlobalSection(TeamFoundationVersionControl) = preSolution
		SccNumberOfProjects = 2
		SccEnterpriseProvider = {4CA58AB2-18FA-4F8D-95D4-32DDF27D184C}
		SccTeamFoundationServer = https://ebazten.visualstudio.com/defaultcollection
		SccLocalPath0 = .
		SccProjectUniqueName1 = Essensys.Web.Admin\\Essensys.Web.Admin.csproj
		SccProjectName1 = Essensys.Web.Admin
		SccLocalPath1 = Essensys.Web.Admin
	EndGlobalSection
	GlobalSection(SolutionConfigurationPlatforms) = preSolution
		Debug|Any CPU = Debug|Any CPU
		Release|Any CPU = Release|Any CPU
	EndGlobalSection
	GlobalSection(ProjectConfigurationPlatforms) = postSolution
		{8507B7B3-6CD6-4613-8355-DED9DEAAAC26}.Debug|Any CPU.ActiveCfg = Debug|Any CPU
		{8507B7B3-6CD6-4613-8355-DED9DEAAAC26}.Debug|Any CPU.Build.0 = Debug|Any CPU
		{8507B7B3-6CD6-4613-8355-DED9DEAAAC26}.Release|Any CPU.ActiveCfg = Release|Any CPU
		{8507B7B3-6CD6-4613-8355-DED9DEAAAC26}.Release|Any CPU.Build.0 = Release|Any CPU
	EndGlobalSection
	GlobalSection(SolutionProperties) = preSolution
		HideSolutionNode = FALSE
	EndGlobalSection
EndGlobal
